
Microsoft Visual Studio Solution File, Format Version 12.00
# Visual Studio 15
VisualStudioVersion = 15.0.28307.1321
MinimumVisualStudioVersion = 10.0.40219.1
Project("{D2ABAB84-BF74-430A-B69E-9DC6D40DDA17}") = "ProyectoMultidimensional2", "ProyectoMultidimensional2\ProyectoMultidimensional2.dwproj", "{E05C84FF-0E5C-49DD-8484-67F9AEA7F7F0}"
EndProject
Global
	GlobalSection(SolutionConfigurationPlatforms) = preSolution
		Development|Default = Development|Default
	EndGlobalSection
	GlobalSection(ProjectConfigurationPlatforms) = postSolution
		{E05C84FF-0E5C-49DD-8484-67F9AEA7F7F0}.Development|Default.ActiveCfg = Development
		{E05C84FF-0E5C-49DD-8484-67F9AEA7F7F0}.Development|Default.Build.0 = Development
		{E05C84FF-0E5C-49DD-8484-67F9AEA7F7F0}.Development|Default.Deploy.0 = Development
	EndGlobalSection
	GlobalSection(SolutionProperties) = preSolution
		HideSolutionNode = FALSE
	EndGlobalSection
	GlobalSection(ExtensibilityGlobals) = postSolution
		SolutionGuid = {8D96E412-B257-4018-AEF3-C2220A6AEEED}
	EndGlobalSection
EndGlobal
